// !$*UTF8*$!
{
	archiveVersion = 1;
	classes = {
	};
	objectVersion = 50;
	objects = {

/* Begin PBXBuildFile section */
		AC2CDCB223DF5FE7003083C7 /* AppDelegate.swift in Sources */ = {isa = PBXBuildFile; fileRef = AC2CDCB123DF5FE7003083C7 /* AppDelegate.swift */; };
		AC2CDCB423DF5FE7003083C7 /* SceneDelegate.swift in Sources */ = {isa = PBXBuildFile; fileRef = AC2CDCB323DF5FE7003083C7 /* SceneDelegate.swift */; };
		AC2CDCB623DF5FE7003083C7 /* ViewController.swift in Sources */ = {isa = PBXBuildFile; fileRef = AC2CDCB523DF5FE7003083C7 /* ViewController.swift */; };
		AC2CDCB923DF5FE7003083C7 /* Main.storyboard in Resources */ = {isa = PBXBuildFile; fileRef = AC2CDCB723DF5FE7003083C7 /* Main.storyboard */; };
		AC2CDCBB23DF5FFE003083C7 /* Assets.xcassets in Resources */ = {isa = PBXBuildFile; fileRef = AC2CDCBA23DF5FFE003083C7 /* Assets.xcassets */; };
		AC2CDCBE23DF5FFE003083C7 /* LaunchScreen.storyboard in Resources */ = {isa = PBXBuildFile; fileRef = AC2CDCBC23DF5FFE003083C7 /* LaunchScreen.storyboard */; };
		AC2CDCC923DF5FFE003083C7 /* magic8BallAppTests.swift in Sources */ = {isa = PBXBuildFile; fileRef = AC2CDCC823DF5FFE003083C7 /* magic8BallAppTests.swift */; };
		AC2CDCD423DF5FFE003083C7 /* magic8BallAppUITests.swift in Sources */ = {isa = PBXBuildFile; fileRef = AC2CDCD323DF5FFE003083C7 /* magic8BallAppUITests.swift */; };
/* End PBXBuildFile section */

/* Begin PBXContainerItemProxy section */
		AC2CDCC523DF5FFE003083C7 /* PBXContainerItemProxy */ = {
			isa = PBXContainerItemProxy;
			containerPortal = AC2CDCA623DF5FE7003083C7 /* Project object */;
			proxyType = 1;
			remoteGlobalIDString = AC2CDCAD23DF5FE7003083C7;
			remoteInfo = magic8BallApp;
		};
		AC2CDCD023DF5FFE003083C7 /* PBXContainerItemProxy */ = {
			isa = PBXContainerItemProxy;
			containerPortal = AC2CDCA623DF5FE7003083C7 /* Project object */;
			proxyType = 1;
			remoteGlobalIDString = AC2CDCAD23DF5FE7003083C7;
			remoteInfo = magic8BallApp;
		};
/* End PBXContainerItemProxy section */

/* Begin PBXFileReference section */
		AC2CDCAE23DF5FE7003083C7 /* magic8BallApp.app */ = {isa = PBXFileReference; explicitFileType = wrapper.application; includeInIndex = 0; path = magic8BallApp.app; sourceTree = BUILT_PRODUCTS_DIR; };
		AC2CDCB123DF5FE7003083C7 /* AppDelegate.swift */ = {isa = PBXFileReference; lastKnownFileType = sourcecode.swift; path = AppDelegate.swift; sourceTree = "<group>"; };
		AC2CDCB323DF5FE7003083C7 /* SceneDelegate.swift */ = {isa = PBXFileReference; lastKnownFileType = sourcecode.swift; path = SceneDelegate.swift; sourceTree = "<group>"; };
		AC2CDCB523DF5FE7003083C7 /* ViewController.swift */ = {isa = PBXFileReference; lastKnownFileType = sourcecode.swift; path = ViewController.swift; sourceTree = "<group>"; };
		AC2CDCB823DF5FE7003083C7 /* Base */ = {isa = PBXFileReference; lastKnownFileType = file.storyboard; name = Base; path = Base.lproj/Main.storyboard; sourceTree = "<group>"; };
		AC2CDCBA23DF5FFE003083C7 /* Assets.xcassets */ = {isa = PBXFileReference; lastKnownFileType = folder.assetcatalog; path = Assets.xcassets; sourceTree = "<group>"; };
		AC2CDCBD23DF5FFE003083C7 /* Base */ = {isa = PBXFileReference; lastKnownFileType = file.storyboard; name = Base; path = Base.lproj/LaunchScreen.storyboard; sourceTree = "<group>"; };
		AC2CDCBF23DF5FFE003083C7 /* Info.plist */ = {isa = PBXFileReference; lastKnownFileType = text.plist.xml; path = Info.plist; sourceTree = "<group>"; };
		AC2CDCC423DF5FFE003083C7 /* magic8BallAppTests.xctest */ = {isa = PBXFileReference; explicitFileType = wrapper.cfbundle; includeInIndex = 0; path = magic8BallAppTests.xctest; sourceTree = BUILT_PRODUCTS_DIR; };
		AC2CDCC823DF5FFE003083C7 /* magic8BallAppTests.swift */ = {isa = PBXFileReference; lastKnownFileType = sourcecode.swift; path = magic8BallAppTests.swift; sourceTree = "<group>"; };
		AC2CDCCA23DF5FFE003083C7 /* Info.plist */ = {isa = PBXFileReference; lastKnownFileType = text.plist.xml; path = Info.plist; sourceTree = "<group>"; };
		AC2CDCCF23DF5FFE003083C7 /* magic8BallAppUITests.xctest */ = {isa = PBXFileReference; explicitFileType = wrapper.cfbundle; includeInIndex = 0; path = magic8BallAppUITests.xctest; sourceTree = BUILT_PRODUCTS_DIR; };
		AC2CDCD323DF5FFE003083C7 /* magic8BallAppUITests.swift */ = {isa = PBXFileReference; lastKnownFileType = sourcecode.swift; path = magic8BallAppUITests.swift; sourceTree = "<group>"; };
		AC2CDCD523DF5FFE003083C7 /* Info.plist */ = {isa = PBXFileReference; lastKnownFileType = text.plist.xml; path = Info.plist; sourceTree = "<group>"; };
/* End PBXFileReference section */

/* Begin PBXFrameworksBuildPhase section */
		AC2CDCAB23DF5FE7003083C7 /* Frameworks */ = {
			isa = PBXFrameworksBuildPhase;
			buildActionMask = 2147483647;
			files = (
			);
			runOnlyForDeploymentPostprocessing = 0;
		};
		AC2CDCC123DF5FFE003083C7 /* Frameworks */ = {
			isa = PBXFrameworksBuildPhase;
			buildActionMask = 2147483647;
			files = (
			);
			runOnlyForDeploymentPostprocessing = 0;
		};
		AC2CDCCC23DF5FFE003083C7 /* Frameworks */ = {
			isa = PBXFrameworksBuildPhase;
			buildActionMask = 2147483647;
			files = (
			);
			runOnlyForDeploymentPostprocessing = 0;
		};
/* End PBXFrameworksBuildPhase section */

/* Begin PBXGroup section */
		AC2CDCA523DF5FE7003083C7 = {
			isa = PBXGroup;
			children = (
				AC2CDCB023DF5FE7003083C7 /* magic8BallApp */,
				AC2CDCC723DF5FFE003083C7 /* magic8BallAppTests */,
				AC2CDCD223DF5FFE003083C7 /* magic8BallAppUITests */,
				AC2CDCAF23DF5FE7003083C7 /* Products */,
			);
			sourceTree = "<group>";
		};
		AC2CDCAF23DF5FE7003083C7 /* Products */ = {
			isa = PBXGroup;
			children = (
				AC2CDCAE23DF5FE7003083C7 /* magic8BallApp.app */,
				AC2CDCC423DF5FFE003083C7 /* magic8BallAppTests.xctest */,
				AC2CDCCF23DF5FFE003083C7 /* magic8BallAppUITests.xctest */,
			);
			name = Products;
			sourceTree = "<group>";
		};
		AC2CDCB023DF5FE7003083C7 /* magic8BallApp */ = {
			isa = PBXGroup;
			children = (
				AC2CDCB123DF5FE7003083C7 /* AppDelegate.swift */,
				AC2CDCB323DF5FE7003083C7 /* SceneDelegate.swift */,
				AC2CDCB523DF5FE7003083C7 /* ViewController.swift */,
				AC2CDCB723DF5FE7003083C7 /* Main.storyboard */,
				AC2CDCBA23DF5FFE003083C7 /* Assets.xcassets */,
				AC2CDCBC23DF5FFE003083C7 /* LaunchScreen.storyboard */,
				AC2CDCBF23DF5FFE003083C7 /* Info.plist */,
			);
			path = magic8BallApp;
			sourceTree = "<group>";
		};
		AC2CDCC723DF5FFE003083C7 /* magic8BallAppTests */ = {
			isa = PBXGroup;
			children = (
				AC2CDCC823DF5FFE003083C7 /* magic8BallAppTests.swift */,
				AC2CDCCA23DF5FFE003083C7 /* Info.plist */,
			);
			path = magic8BallAppTests;
			sourceTree = "<group>";
		};
		AC2CDCD223DF5FFE003083C7 /* magic8BallAppUITests */ = {
			isa = PBXGroup;
			children = (
				AC2CDCD323DF5FFE003083C7 /* magic8BallAppUITests.swift */,
				AC2CDCD523DF5FFE003083C7 /* Info.plist */,
			);
			path = magic8BallAppUITests;
			sourceTree = "<group>";
		};
/* End PBXGroup section */

/* Begin PBXNativeTarget section */
		AC2CDCAD23DF5FE7003083C7 /* magic8BallApp */ = {
			isa = PBXNativeTarget;
			buildConfigurationList = AC2CDCD823DF5FFE003083C7 /* Build configuration list for PBXNativeTarget "magic8BallApp" */;
			buildPhases = (
				AC2CDCAA23DF5FE7003083C7 /* Sources */,
				AC2CDCAB23DF5FE7003083C7 /* Frameworks */,
				AC2CDCAC23DF5FE7003083C7 /* Resources */,
			);
			buildRules = (
			);
			dependencies = (
			);
			name = magic8BallApp;
			productName = magic8BallApp;
			productReference = AC2CDCAE23DF5FE7003083C7 /* magic8BallApp.app */;
			productType = "com.apple.product-type.application";
		};
		AC2CDCC323DF5FFE003083C7 /* magic8BallAppTests */ = {
			isa = PBXNativeTarget;
			buildConfigurationList = AC2CDCDB23DF5FFE003083C7 /* Build configuration list for PBXNativeTarget "magic8BallAppTests" */;
			buildPhases = (
				AC2CDCC023DF5FFE003083C7 /* Sources */,
				AC2CDCC123DF5FFE003083C7 /* Frameworks */,
				AC2CDCC223DF5FFE003083C7 /* Resources */,
			);
			buildRules = (
			);
			dependencies = (
				AC2CDCC623DF5FFE003083C7 /* PBXTargetDependency */,
			);
			name = magic8BallAppTests;
			productName = magic8BallAppTests;
			productReference = AC2CDCC423DF5FFE003083C7 /* magic8BallAppTests.xctest */;
			productType = "com.apple.product-type.bundle.unit-test";
		};
		AC2CDCCE23DF5FFE003083C7 /* magic8BallAppUITests */ = {
			isa = PBXNativeTarget;
			buildConfigurationList = AC2CDCDE23DF5FFE003083C7 /* Build configuration list for PBXNativeTarget "magic8BallAppUITests" */;
			buildPhases = (
				AC2CDCCB23DF5FFE003083C7 /* Sources */,
				AC2CDCCC23DF5FFE003083C7 /* Frameworks */,
				AC2CDCCD23DF5FFE003083C7 /* Resources */,
			);
			buildRules = (
			);
			dependencies = (
				AC2CDCD123DF5FFE003083C7 /* PBXTargetDependency */,
			);
			name = magic8BallAppUITests;
			productName = magic8BallAppUITests;
			productReference = AC2CDCCF23DF5FFE003083C7 /* magic8BallAppUITests.xctest */;
			productType = "com.apple.product-type.bundle.ui-testing";
		};
/* End PBXNativeTarget section */

/* Begin PBXProject section */
		AC2CDCA623DF5FE7003083C7 /* Project object */ = {
			isa = PBXProject;
			attributes = {
				LastSwiftUpdateCheck = 1120;
				LastUpgradeCheck = 1120;
				ORGANIZATIONNAME = TomoMano1;
				TargetAttributes = {
					AC2CDCAD23DF5FE7003083C7 = {
						CreatedOnToolsVersion = 11.2;
					};
					AC2CDCC323DF5FFE003083C7 = {
						CreatedOnToolsVersion = 11.2;
						TestTargetID = AC2CDCAD23DF5FE7003083C7;
					};
					AC2CDCCE23DF5FFE003083C7 = {
						CreatedOnToolsVersion = 11.2;
						TestTargetID = AC2CDCAD23DF5FE7003083C7;
					};
				};
			};
			buildConfigurationList = AC2CDCA923DF5FE7003083C7 /* Build configuration list for PBXProject "magic8BallApp" */;
			compatibilityVersion = "Xcode 9.3";
			developmentRegion = en;
			hasScannedForEncodings = 0;
			knownRegions = (
				en,
				Base,
			);
			mainGroup = AC2CDCA523DF5FE7003083C7;
			productRefGroup = AC2CDCAF23DF5FE7003083C7 /* Products */;
			projectDirPath = "";
			projectRoot = "";
			targets = (
				AC2CDCAD23DF5FE7003083C7 /* magic8BallApp */,
				AC2CDCC323DF5FFE003083C7 /* magic8BallAppTests */,
				AC2CDCCE23DF5FFE003083C7 /* magic8BallAppUITests */,
			);
		};
/* End PBXProject section */

/* Begin PBXResourcesBuildPhase section */
		AC2CDCAC23DF5FE7003083C7 /* Resources */ = {
			isa = PBXResourcesBuildPhase;
			buildActionMask = 2147483647;
			files = (
				AC2CDCBE23DF5FFE003083C7 /* LaunchScreen.storyboard in Resources */,
				AC2CDCBB23DF5FFE003083C7 /* Assets.xcassets in Resources */,
				AC2CDCB923DF5FE7003083C7 /* Main.storyboard in Resources */,
			);
			runOnlyForDeploymentPostprocessing = 0;
		};
		AC2CDCC223DF5FFE003083C7 /* Resources */ = {
			isa = PBXResourcesBuildPhase;
			buildActionMask = 2147483647;
			files = (
			);
			runOnlyForDeploymentPostprocessing = 0;
		};
		AC2CDCCD23DF5FFE003083C7 /* Resources */ = {
			isa = PBXResourcesBuildPhase;
			buildActionMask = 2147483647;
			files = (
			);
			runOnlyForDeploymentPostprocessing = 0;
		};
/* End PBXResourcesBuildPhase section */

/* Begin PBXSourcesBuildPhase section */
		AC2CDCAA23DF5FE7003083C7 /* Sources */ = {
			isa = PBXSourcesBuildPhase;
			buildActionMask = 2147483647;
			files = (
				AC2CDCB623DF5FE7003083C7 /* ViewController.swift in Sources */,
				AC2CDCB223DF5FE7003083C7 /* AppDelegate.swift in Sources */,
				AC2CDCB423DF5FE7003083C7 /* SceneDelegate.swift in Sources */,
			);
			runOnlyForDeploymentPostprocessing = 0;
		};
		AC2CDCC023DF5FFE003083C7 /* Sources */ = {
			isa = PBXSourcesBuildPhase;
			buildActionMask = 2147483647;
			files = (
				AC2CDCC923DF5FFE003083C7 /* magic8BallAppTests.swift in Sources */,
			);
			runOnlyForDeploymentPostprocessing = 0;
		};
		AC2CDCCB23DF5FFE003083C7 /* Sources */ = {
			isa = PBXSourcesBuildPhase;
			buildActionMask = 2147483647;
			files = (
				AC2CDCD423DF5FFE003083C7 /* magic8BallAppUITests.swift in Sources */,
			);
			runOnlyForDeploymentPostprocessing = 0;
		};
/* End PBXSourcesBuildPhase section */

/* Begin PBXTargetDependency section */
		AC2CDCC623DF5FFE003083C7 /* PBXTargetDependency */ = {
			isa = PBXTargetDependency;
			target = AC2CDCAD23DF5FE7003083C7 /* magic8BallApp */;
			targetProxy = AC2CDCC523DF5FFE003083C7 /* PBXContainerItemProxy */;
		};
		AC2CDCD123DF5FFE003083C7 /* PBXTargetDependency */ = {
			isa = PBXTargetDependency;
			target = AC2CDCAD23DF5FE7003083C7 /* magic8BallApp */;
			targetProxy = AC2CDCD023DF5FFE003083C7 /* PBXContainerItemProxy */;
		};
/* End PBXTargetDependency section */

/* Begin PBXVariantGroup section */
		AC2CDCB723DF5FE7003083C7 /* Main.storyboard */ = {
			isa = PBXVariantGroup;
			children = (
				AC2CDCB823DF5FE7003083C7 /* Base */,
			);
			name = Main.storyboard;
			sourceTree = "<group>";
		};
		AC2CDCBC23DF5FFE003083C7 /* LaunchScreen.storyboard */ = {
			isa = PBXVariantGroup;
			children = (
				AC2CDCBD23DF5FFE003083C7 /* Base */,
			);
			name = LaunchScreen.storyboard;
			sourceTree = "<group>";
		};
/* End PBXVariantGroup section */

/* Begin XCBuildConfiguration section */
		AC2CDCD623DF5FFE003083C7 /* Debug */ = {
			isa = XCBuildConfiguration;
			buildSettings = {
				ALWAYS_SEARCH_USER_PATHS = NO;
				CLANG_ANALYZER_NONNULL = YES;
				CLANG_ANALYZER_NUMBER_OBJECT_CONVERSION = YES_AGGRESSIVE;
				CLANG_CXX_LANGUAGE_STANDARD = "gnu++14";
				CLANG_CXX_LIBRARY = "libc++";
				CLANG_ENABLE_MODULES = YES;
				CLANG_ENABLE_OBJC_ARC = YES;
				CLANG_ENABLE_OBJC_WEAK = YES;
				CLANG_WARN_BLOCK_CAPTURE_AUTORELEASING = YES;
				CLANG_WARN_BOOL_CONVERSION = YES;
				CLANG_WARN_COMMA = YES;
				CLANG_WARN_CONSTANT_CONVERSION = YES;
				CLANG_WARN_DEPRECATED_OBJC_IMPLEMENTATIONS = YES;
				CLANG_WARN_DIRECT_OBJC_ISA_USAGE = YES_ERROR;
				CLANG_WARN_DOCUMENTATION_COMMENTS = YES;
				CLANG_WARN_EMPTY_BODY = YES;
				CLANG_WARN_ENUM_CONVERSION = YES;
				CLANG_WARN_INFINITE_RECURSION = YES;
				CLANG_WARN_INT_CONVERSION = YES;
				CLANG_WARN_NON_LITERAL_NULL_CONVERSION = YES;
				CLANG_WARN_OBJC_IMPLICIT_RETAIN_SELF = YES;
				CLANG_WARN_OBJC_LITERAL_CONVERSION = YES;
				CLANG_WARN_OBJC_ROOT_CLASS = YES_ERROR;
				CLANG_WARN_RANGE_LOOP_ANALYSIS = YES;
				CLANG_WARN_STRICT_PROTOTYPES = YES;
				CLANG_WARN_SUSPICIOUS_MOVE = YES;
				CLANG_WARN_UNGUARDED_AVAILABILITY = YES_AGGRESSIVE;
				CLANG_WARN_UNREACHABLE_CODE = YES;
				CLANG_WARN__DUPLICATE_METHOD_MATCH = YES;
				COPY_PHASE_STRIP = NO;
				DEBUG_INFORMATION_FORMAT = dwarf;
				ENABLE_STRICT_OBJC_MSGSEND = YES;
				ENABLE_TESTABILITY = YES;
				GCC_C_LANGUAGE_STANDARD = gnu11;
				GCC_DYNAMIC_NO_PIC = NO;
				GCC_NO_COMMON_BLOCKS = YES;
				GCC_OPTIMIZATION_LEVEL = 0;
				GCC_PREPROCESSOR_DEFINITIONS = (
					"DEBUG=1",
					"$(inherited)",
				);
				GCC_WARN_64_TO_32_BIT_CONVERSION = YES;
				GCC_WARN_ABOUT_RETURN_TYPE = YES_ERROR;
				GCC_WARN_UNDECLARED_SELECTOR = YES;
				GCC_WARN_UNINITIALIZED_AUTOS = YES_AGGRESSIVE;
				GCC_WARN_UNUSED_FUNCTION = YES;
				GCC_WARN_UNUSED_VARIABLE = YES;
				IPHONEOS_DEPLOYMENT_TARGET = 13.2;
				MTL_ENABLE_DEBUG_INFO = INCLUDE_SOURCE;
				MTL_FAST_MATH = YES;
				ONLY_ACTIVE_ARCH = YES;
				SDKROOT = iphoneos;
				SWIFT_ACTIVE_COMPILATION_CONDITIONS = DEBUG;
				SWIFT_OPTIMIZATION_LEVEL = "-Onone";
			};
			name = Debug;
		};
		AC2CDCD723DF5FFE003083C7 /* Release */ = {
			isa = XCBuildConfiguration;
			buildSettings = {
				ALWAYS_SEARCH_USER_PATHS = NO;
				CLANG_ANALYZER_NONNULL = YES;
				CLANG_ANALYZER_NUMBER_OBJECT_CONVERSION = YES_AGGRESSIVE;
				CLANG_CXX_LANGUAGE_STANDARD = "gnu++14";
				CLANG_CXX_LIBRARY = "libc++";
				CLANG_ENABLE_MODULES = YES;
				CLANG_ENABLE_OBJC_ARC = YES;
				CLANG_ENABLE_OBJC_WEAK = YES;
				CLANG_WARN_BLOCK_CAPTURE_AUTORELEASING = YES;
				CLANG_WARN_BOOL_CONVERSION = YES;
				CLANG_WARN_COMMA = YES;
				CLANG_WARN_CONSTANT_CONVERSION = YES;
				CLANG_WARN_DEPRECATED_OBJC_IMPLEMENTATIONS = YES;
				CLANG_WARN_DIRECT_OBJC_ISA_USAGE = YES_ERROR;
				CLANG_WARN_DOCUMENTATION_COMMENTS = YES;
				CLANG_WARN_EMPTY_BODY = YES;
				CLANG_WARN_ENUM_CONVERSION = YES;
				CLANG_WARN_INFINITE_RECURSION = YES;
				CLANG_WARN_INT_CONVERSION = YES;
				CLANG_WARN_NON_LITERAL_NULL_CONVERSION = YES;
				CLANG_WARN_OBJC_IMPLICIT_RETAIN_SELF = YES;
				CLANG_WARN_OBJC_LITERAL_CONVERSION = YES;
				CLANG_WARN_OBJC_ROOT_CLASS = YES_ERROR;
				CLANG_WARN_RANGE_LOOP_ANALYSIS = YES;
				CLANG_WARN_STRICT_PROTOTYPES = YES;
				CLANG_WARN_SUSPICIOUS_MOVE = YES;
				CLANG_WARN_UNGUARDED_AVAILABILITY = YES_AGGRESSIVE;
				CLANG_WARN_UNREACHABLE_CODE = YES;
				CLANG_WARN__DUPLICATE_METHOD_MATCH = YES;
				COPY_PHASE_STRIP = NO;
				DEBUG_INFORMATION_FORMAT = "dwarf-with-dsym";
				ENABLE_NS_ASSERTIONS = NO;
				ENABLE_STRICT_OBJC_MSGSEND = YES;
				GCC_C_LANGUAGE_STANDARD = gnu11;
				GCC_NO_COMMON_BLOCKS = YES;
				GCC_WARN_64_TO_32_BIT_CONVERSION = YES;
				GCC_WARN_ABOUT_RETURN_TYPE = YES_ERROR;
				GCC_WARN_UNDECLARED_SELECTOR = YES;
				GCC_WARN_UNINITIALIZED_AUTOS = YES_AGGRESSIVE;
				GCC_WARN_UNUSED_FUNCTION = YES;
				GCC_WARN_UNUSED_VARIABLE = YES;
				IPHONEOS_DEPLOYMENT_TARGET = 13.2;
				MTL_ENABLE_DEBUG_INFO = NO;
				MTL_FAST_MATH = YES;
				SDKROOT = iphoneos;
				SWIFT_COMPILATION_MODE = wholemodule;
				SWIFT_OPTIMIZATION_LEVEL = "-O";
				VALIDATE_PRODUCT = YES;
			};
			name = Release;
		};
		AC2CDCD923DF5FFE003083C7 /* Debug */ = {
			isa = XCBuildConfiguration;
			buildSettings = {
				ASSETCATALOG_COMPILER_APPICON_NAME = AppIcon;
				CODE_SIGN_STYLE = Automatic;
				INFOPLIST_FILE = magic8BallApp/Info.plist;
				LD_RUNPATH_SEARCH_PATHS = (
					"$(inherited)",
					"@executable_path/Frameworks",
				);
				PRODUCT_BUNDLE_IDENTIFIER = magic8BallApp.magic8BallApp;
				PRODUCT_NAME = "$(TARGET_NAME)";
				SWIFT_VERSION = 5.0;
				TARGETED_DEVICE_FAMILY = "1,2";
			};
			name = Debug;
		};
		AC2CDCDA23DF5FFE003083C7 /* Release */ = {
			isa = XCBuildConfiguration;
			buildSettings = {
				ASSETCATALOG_COMPILER_APPICON_NAME = AppIcon;
				CODE_SIGN_STYLE = Automatic;
				INFOPLIST_FILE = magic8BallApp/Info.plist;
				LD_RUNPATH_SEARCH_PATHS = (
					"$(inherited)",
					"@executable_path/Frameworks",
				);
				PRODUCT_BUNDLE_IDENTIFIER = magic8BallApp.magic8BallApp;
				PRODUCT_NAME = "$(TARGET_NAME)";
				SWIFT_VERSION = 5.0;
				TARGETED_DEVICE_FAMILY = "1,2";
			};
			name = Release;
		};
		AC2CDCDC23DF5FFE003083C7 /* Debug */ = {
			isa = XCBuildConfiguration;
			buildSettings = {
				ALWAYS_EMBED_SWIFT_STANDARD_LIBRARIES = YES;
				BUNDLE_LOADER = "$(TEST_HOST)";
				CODE_SIGN_STYLE = Automatic;
				INFOPLIST_FILE = magic8BallAppTests/Info.plist;
				IPHONEOS_DEPLOYMENT_TARGET = 13.2;
				LD_RUNPATH_SEARCH_PATHS = (
					"$(inherited)",
					"@executable_path/Frameworks",
					"@loader_path/Frameworks",
				);
				PRODUCT_BUNDLE_IDENTIFIER = magic8BallApp.magic8BallAppTests;
				PRODUCT_NAME = "$(TARGET_NAME)";
				SWIFT_VERSION = 5.0;
				TARGETED_DEVICE_FAMILY = "1,2";
				TEST_HOST = "$(BUILT_PRODUCTS_DIR)/magic8BallApp.app/magic8BallApp";
			};
			name = Debug;
		};
		AC2CDCDD23DF5FFE003083C7 /* Release */ = {
			isa = XCBuildConfiguration;
			buildSettings = {
				ALWAYS_EMBED_SWIFT_STANDARD_LIBRARIES = YES;
				BUNDLE_LOADER = "$(TEST_HOST)";
				CODE_SIGN_STYLE = Automatic;
				INFOPLIST_FILE = magic8BallAppTests/Info.plist;
				IPHONEOS_DEPLOYMENT_TARGET = 13.2;
				LD_RUNPATH_SEARCH_PATHS = (
					"$(inherited)",
					"@executable_path/Frameworks",
					"@loader_path/Frameworks",
				);
				PRODUCT_BUNDLE_IDENTIFIER = magic8BallApp.magic8BallAppTests;
				PRODUCT_NAME = "$(TARGET_NAME)";
				SWIFT_VERSION = 5.0;
				TARGETED_DEVICE_FAMILY = "1,2";
				TEST_HOST = "$(BUILT_PRODUCTS_DIR)/magic8BallApp.app/magic8BallApp";
			};
			name = Release;
		};
		AC2CDCDF23DF5FFE003083C7 /* Debug */ = {
			isa = XCBuildConfiguration;
			buildSettings = {
				ALWAYS_EMBED_SWIFT_STANDARD_LIBRARIES = YES;
				CODE_SIGN_STYLE = Automatic;
				INFOPLIST_FILE = magic8BallAppUITests/Info.plist;
				LD_RUNPATH_SEARCH_PATHS = (
					"$(inherited)",
					"@executable_path/Frameworks",
					"@loader_path/Frameworks",
				);
				PRODUCT_BUNDLE_IDENTIFIER = magic8BallApp.magic8BallAppUITests;
				PRODUCT_NAME = "$(TARGET_NAME)";
				SWIFT_VERSION = 5.0;
				TARGETED_DEVICE_FAMILY = "1,2";
				TEST_TARGET_NAME = magic8BallApp;
			};
			name = Debug;
		};
		AC2CDCE023DF5FFE003083C7 /* Release */ = {
			isa = XCBuildConfiguration;
			buildSettings = {
				ALWAYS_EMBED_SWIFT_STANDARD_LIBRARIES = YES;
				CODE_SIGN_STYLE = Automatic;
				INFOPLIST_FILE = magic8BallAppUITests/Info.plist;
				LD_RUNPATH_SEARCH_PATHS = (
					"$(inherited)",
					"@executable_path/Frameworks",
					"@loader_path/Frameworks",
				);
				PRODUCT_BUNDLE_IDENTIFIER = magic8BallApp.magic8BallAppUITests;
				PRODUCT_NAME = "$(TARGET_NAME)";
				SWIFT_VERSION = 5.0;
				TARGETED_DEVICE_FAMILY = "1,2";
				TEST_TARGET_NAME = magic8BallApp;
			};
			name = Release;
		};
/* End XCBuildConfiguration section */

/* Begin XCConfigurationList section */
		AC2CDCA923DF5FE7003083C7 /* Build configuration list for PBXProject "magic8BallApp" */ = {
			isa = XCConfigurationList;
			buildConfigurations = (
				AC2CDCD623DF5FFE003083C7 /* Debug */,
				AC2CDCD723DF5FFE003083C7 /* Release */,
			);
			defaultConfigurationIsVisible = 0;
			defaultConfigurationName = Release;
		};
		AC2CDCD823DF5FFE003083C7 /* Build configuration list for PBXNativeTarget "magic8BallApp" */ = {
			isa = XCConfigurationList;
			buildConfigurations = (
				AC2CDCD923DF5FFE003083C7 /* Debug */,
				AC2CDCDA23DF5FFE003083C7 /* Release */,
			);
			defaultConfigurationIsVisible = 0;
			defaultConfigurationName = Release;
		};
		AC2CDCDB23DF5FFE003083C7 /* Build configuration list for PBXNativeTarget "magic8BallAppTests" */ = {
			isa = XCConfigurationList;
			buildConfigurations = (
				AC2CDCDC23DF5FFE003083C7 /* Debug */,
				AC2CDCDD23DF5FFE003083C7 /* Release */,
			);
			defaultConfigurationIsVisible = 0;
			defaultConfigurationName = Release;
		};
		AC2CDCDE23DF5FFE003083C7 /* Build configuration list for PBXNativeTarget "magic8BallAppUITests" */ = {
			isa = XCConfigurationList;
			buildConfigurations = (
				AC2CDCDF23DF5FFE003083C7 /* Debug */,
				AC2CDCE023DF5FFE003083C7 /* Release */,
			);
			defaultConfigurationIsVisible = 0;
			defaultConfigurationName = Release;
		};
/* End XCConfigurationList section */
	};
	rootObject = AC2CDCA623DF5FE7003083C7 /* Project object */;
}
